// !$*UTF8*$!
{
	archiveVersion = 1;
	classes = {
	};
	objectVersion = 56;
	objects = {

/* Begin PBXBuildFile section */
		0FEF0B232C34853700A5E0F2 /* CustomTabBar.swift in Sources */ = {isa = PBXBuildFile; fileRef = 0FEF0B222C34853700A5E0F2 /* CustomTabBar.swift */; };
		0FEF0B262C3485CE00A5E0F2 /* CustomTabBarController.swift in Sources */ = {isa = PBXBuildFile; fileRef = 0FEF0B252C3485CE00A5E0F2 /* CustomTabBarController.swift */; };
		0FEF0B282C34870900A5E0F2 /* PlusButton1.swift in Sources */ = {isa = PBXBuildFile; fileRef = 0FEF0B272C34870900A5E0F2 /* PlusButton1.swift */; };
		6E4CBCBB2C33460E008D19FE /* SnapKit in Frameworks */ = {isa = PBXBuildFile; productRef = 6E4CBCBA2C33460E008D19FE /* SnapKit */; };
		6E4CBCBE2C33474E008D19FE /* Configurable.swift in Sources */ = {isa = PBXBuildFile; fileRef = 6E4CBCBD2C33474E008D19FE /* Configurable.swift */; };
		6E4CBCC22C33480D008D19FE /* CustomView.swift in Sources */ = {isa = PBXBuildFile; fileRef = 6E4CBCC12C33480D008D19FE /* CustomView.swift */; };
		6E4CBCC42C334830008D19FE /* CollectionCell.swift in Sources */ = {isa = PBXBuildFile; fileRef = 6E4CBCC32C334830008D19FE /* CollectionCell.swift */; };
		6E4CBCC62C33493E008D19FE /* TableCell.swift in Sources */ = {isa = PBXBuildFile; fileRef = 6E4CBCC52C33493E008D19FE /* TableCell.swift */; };
		6E4CBCC92C3349B5008D19FE /* UIimageVIew + Extension.swift in Sources */ = {isa = PBXBuildFile; fileRef = 6E4CBCC82C3349B5008D19FE /* UIimageVIew + Extension.swift */; };
		6E4CBCCB2C334A55008D19FE /* UIView+Extension.swift in Sources */ = {isa = PBXBuildFile; fileRef = 6E4CBCCA2C334A55008D19FE /* UIView+Extension.swift */; };
		6E4CBCCD2C334A86008D19FE /* UIStackView + Extension.swift in Sources */ = {isa = PBXBuildFile; fileRef = 6E4CBCCC2C334A86008D19FE /* UIStackView + Extension.swift */; };
		6E4CBCD02C334B5B008D19FE /* HomeProtocol.swift in Sources */ = {isa = PBXBuildFile; fileRef = 6E4CBCCF2C334B5B008D19FE /* HomeProtocol.swift */; };
		6E4CBCF72C336332008D19FE /* HomeVIewModel.swift in Sources */ = {isa = PBXBuildFile; fileRef = 6E4CBCF62C336332008D19FE /* HomeVIewModel.swift */; };
		6E4CBCF92C3364A8008D19FE /* ReusableView.swift in Sources */ = {isa = PBXBuildFile; fileRef = 6E4CBCF82C3364A8008D19FE /* ReusableView.swift */; };
		6E4CBCFB2C3369CF008D19FE /* RecipesCellViewModel.swift in Sources */ = {isa = PBXBuildFile; fileRef = 6E4CBCFA2C3369CF008D19FE /* RecipesCellViewModel.swift */; };
		6E4CBCFD2C336A3E008D19FE /* HomeViewController.swift in Sources */ = {isa = PBXBuildFile; fileRef = 6E4CBCFC2C336A3E008D19FE /* HomeViewController.swift */; };
		6E4CBD022C336E73008D19FE /* BannerRecipesView.swift in Sources */ = {isa = PBXBuildFile; fileRef = 6E4CBD012C336E73008D19FE /* BannerRecipesView.swift */; };
		6E4CBD042C33761A008D19FE /* HomePresenterImpl.swift in Sources */ = {isa = PBXBuildFile; fileRef = 6E4CBD032C33761A008D19FE /* HomePresenterImpl.swift */; };
		6ED998952C348B84002675A5 /* SnapKit in Frameworks */ = {isa = PBXBuildFile; productRef = 6ED998942C348B84002675A5 /* SnapKit */; };
		6ED998982C348B8E002675A5 /* AlamofireImage in Frameworks */ = {isa = PBXBuildFile; productRef = 6ED998972C348B8E002675A5 /* AlamofireImage */; };
		6ED9989D2C34AFB3002675A5 /* HomeAssembly.swift in Sources */ = {isa = PBXBuildFile; fileRef = 6ED9989C2C34AFB3002675A5 /* HomeAssembly.swift */; };
		CB6C630B2C315E5E00CEE6BF /* AppDelegate.swift in Sources */ = {isa = PBXBuildFile; fileRef = CB6C630A2C315E5E00CEE6BF /* AppDelegate.swift */; };
		CB6C630D2C315E5E00CEE6BF /* SceneDelegate.swift in Sources */ = {isa = PBXBuildFile; fileRef = CB6C630C2C315E5E00CEE6BF /* SceneDelegate.swift */; };
		CB6C63142C315E5F00CEE6BF /* Assets.xcassets in Resources */ = {isa = PBXBuildFile; fileRef = CB6C63132C315E5F00CEE6BF /* Assets.xcassets */; };
		CB6C63172C315E5F00CEE6BF /* LaunchScreen.storyboard in Resources */ = {isa = PBXBuildFile; fileRef = CB6C63152C315E5F00CEE6BF /* LaunchScreen.storyboard */; };
		CB6C63242C316E9600CEE6BF /* TabBarController.swift in Sources */ = {isa = PBXBuildFile; fileRef = CB6C63232C316E9600CEE6BF /* TabBarController.swift */; };
		CB6C63262C316F9300CEE6BF /* HomeViewControllers.swift in Sources */ = {isa = PBXBuildFile; fileRef = CB6C63252C316F9300CEE6BF /* HomeViewControllers.swift */; };
		CB6C63282C31727B00CEE6BF /* BookmarkViewController.swift in Sources */ = {isa = PBXBuildFile; fileRef = CB6C63272C31727B00CEE6BF /* BookmarkViewController.swift */; };
		CB6C632A2C3172BE00CEE6BF /* NotificationViewController.swift in Sources */ = {isa = PBXBuildFile; fileRef = CB6C63292C3172BE00CEE6BF /* NotificationViewController.swift */; };
		CB6C632C2C3172FD00CEE6BF /* ProfileViewController.swift in Sources */ = {isa = PBXBuildFile; fileRef = CB6C632B2C3172FD00CEE6BF /* ProfileViewController.swift */; };
		CB6C632E2C3173E700CEE6BF /* CreateRecipeViewController.swift in Sources */ = {isa = PBXBuildFile; fileRef = CB6C632D2C3173E700CEE6BF /* CreateRecipeViewController.swift */; };
		CB6C63342C317A2100CEE6BF /* StorageService.swift in Sources */ = {isa = PBXBuildFile; fileRef = CB6C63332C317A2100CEE6BF /* StorageService.swift */; };
		CB6C63362C317A3200CEE6BF /* Recipe.swift in Sources */ = {isa = PBXBuildFile; fileRef = CB6C63352C317A3200CEE6BF /* Recipe.swift */; };
		CB6C63382C317EB400CEE6BF /* CustomFont.swift in Sources */ = {isa = PBXBuildFile; fileRef = CB6C63372C317EB400CEE6BF /* CustomFont.swift */; };
		CB6C63392C317F2A00CEE6BF /* Poppins-Bold.ttf in Resources */ = {isa = PBXBuildFile; fileRef = CB6C63202C316BD200CEE6BF /* Poppins-Bold.ttf */; };
		CB6C633A2C317F2D00CEE6BF /* Poppins-Regular.ttf in Resources */ = {isa = PBXBuildFile; fileRef = CB6C631F2C316BC700CEE6BF /* Poppins-Regular.ttf */; };
		CB6C633C2C3182FE00CEE6BF /* NetworkService.swift in Sources */ = {isa = PBXBuildFile; fileRef = CB6C633B2C3182FE00CEE6BF /* NetworkService.swift */; };
/* End PBXBuildFile section */

/* Begin PBXFileReference section */
		0FEF0B222C34853700A5E0F2 /* CustomTabBar.swift */ = {isa = PBXFileReference; lastKnownFileType = sourcecode.swift; path = CustomTabBar.swift; sourceTree = "<group>"; };
		0FEF0B252C3485CE00A5E0F2 /* CustomTabBarController.swift */ = {isa = PBXFileReference; lastKnownFileType = sourcecode.swift; path = CustomTabBarController.swift; sourceTree = "<group>"; };
		0FEF0B272C34870900A5E0F2 /* PlusButton1.swift */ = {isa = PBXFileReference; lastKnownFileType = sourcecode.swift; path = PlusButton1.swift; sourceTree = "<group>"; };
		6E4CBCBD2C33474E008D19FE /* Configurable.swift */ = {isa = PBXFileReference; lastKnownFileType = sourcecode.swift; path = Configurable.swift; sourceTree = "<group>"; };
		6E4CBCC12C33480D008D19FE /* CustomView.swift */ = {isa = PBXFileReference; lastKnownFileType = sourcecode.swift; path = CustomView.swift; sourceTree = "<group>"; };
		6E4CBCC32C334830008D19FE /* CollectionCell.swift */ = {isa = PBXFileReference; lastKnownFileType = sourcecode.swift; path = CollectionCell.swift; sourceTree = "<group>"; };
		6E4CBCC52C33493E008D19FE /* TableCell.swift */ = {isa = PBXFileReference; lastKnownFileType = sourcecode.swift; path = TableCell.swift; sourceTree = "<group>"; };
		6E4CBCC82C3349B5008D19FE /* UIimageVIew + Extension.swift */ = {isa = PBXFileReference; lastKnownFileType = sourcecode.swift; path = "UIimageVIew + Extension.swift"; sourceTree = "<group>"; };
		6E4CBCCA2C334A55008D19FE /* UIView+Extension.swift */ = {isa = PBXFileReference; lastKnownFileType = sourcecode.swift; path = "UIView+Extension.swift"; sourceTree = "<group>"; };
		6E4CBCCC2C334A86008D19FE /* UIStackView + Extension.swift */ = {isa = PBXFileReference; lastKnownFileType = sourcecode.swift; path = "UIStackView + Extension.swift"; sourceTree = "<group>"; };
		6E4CBCCF2C334B5B008D19FE /* HomeProtocol.swift */ = {isa = PBXFileReference; lastKnownFileType = sourcecode.swift; path = HomeProtocol.swift; sourceTree = "<group>"; };
		6E4CBCF62C336332008D19FE /* HomeVIewModel.swift */ = {isa = PBXFileReference; lastKnownFileType = sourcecode.swift; path = HomeVIewModel.swift; sourceTree = "<group>"; };
		6E4CBCF82C3364A8008D19FE /* ReusableView.swift */ = {isa = PBXFileReference; lastKnownFileType = sourcecode.swift; path = ReusableView.swift; sourceTree = "<group>"; };
		6E4CBCFA2C3369CF008D19FE /* RecipesCellViewModel.swift */ = {isa = PBXFileReference; lastKnownFileType = sourcecode.swift; path = RecipesCellViewModel.swift; sourceTree = "<group>"; };
		6E4CBCFC2C336A3E008D19FE /* HomeViewController.swift */ = {isa = PBXFileReference; lastKnownFileType = sourcecode.swift; path = HomeViewController.swift; sourceTree = "<group>"; };
		6E4CBD012C336E73008D19FE /* BannerRecipesView.swift */ = {isa = PBXFileReference; lastKnownFileType = sourcecode.swift; path = BannerRecipesView.swift; sourceTree = "<group>"; };
		6E4CBD032C33761A008D19FE /* HomePresenterImpl.swift */ = {isa = PBXFileReference; lastKnownFileType = sourcecode.swift; path = HomePresenterImpl.swift; sourceTree = "<group>"; };
		6ED9989C2C34AFB3002675A5 /* HomeAssembly.swift */ = {isa = PBXFileReference; lastKnownFileType = sourcecode.swift; path = HomeAssembly.swift; sourceTree = "<group>"; };
		CB6C63072C315E5E00CEE6BF /* Best_Recipes.app */ = {isa = PBXFileReference; explicitFileType = wrapper.application; includeInIndex = 0; path = Best_Recipes.app; sourceTree = BUILT_PRODUCTS_DIR; };
		CB6C630A2C315E5E00CEE6BF /* AppDelegate.swift */ = {isa = PBXFileReference; lastKnownFileType = sourcecode.swift; path = AppDelegate.swift; sourceTree = "<group>"; };
		CB6C630C2C315E5E00CEE6BF /* SceneDelegate.swift */ = {isa = PBXFileReference; lastKnownFileType = sourcecode.swift; path = SceneDelegate.swift; sourceTree = "<group>"; };
		CB6C63132C315E5F00CEE6BF /* Assets.xcassets */ = {isa = PBXFileReference; lastKnownFileType = folder.assetcatalog; path = Assets.xcassets; sourceTree = "<group>"; };
		CB6C63162C315E5F00CEE6BF /* Base */ = {isa = PBXFileReference; lastKnownFileType = file.storyboard; name = Base; path = Base.lproj/LaunchScreen.storyboard; sourceTree = "<group>"; };
		CB6C63182C315E5F00CEE6BF /* Info.plist */ = {isa = PBXFileReference; lastKnownFileType = text.plist.xml; path = Info.plist; sourceTree = "<group>"; };
		CB6C631F2C316BC700CEE6BF /* Poppins-Regular.ttf */ = {isa = PBXFileReference; lastKnownFileType = file; path = "Poppins-Regular.ttf"; sourceTree = "<group>"; };
		CB6C63202C316BD200CEE6BF /* Poppins-Bold.ttf */ = {isa = PBXFileReference; lastKnownFileType = file; path = "Poppins-Bold.ttf"; sourceTree = "<group>"; };
		CB6C63232C316E9600CEE6BF /* TabBarController.swift */ = {isa = PBXFileReference; lastKnownFileType = sourcecode.swift; path = TabBarController.swift; sourceTree = "<group>"; };
		CB6C63252C316F9300CEE6BF /* HomeViewControllers.swift */ = {isa = PBXFileReference; lastKnownFileType = sourcecode.swift; path = HomeViewControllers.swift; sourceTree = "<group>"; };
		CB6C63272C31727B00CEE6BF /* BookmarkViewController.swift */ = {isa = PBXFileReference; lastKnownFileType = sourcecode.swift; path = BookmarkViewController.swift; sourceTree = "<group>"; };
		CB6C63292C3172BE00CEE6BF /* NotificationViewController.swift */ = {isa = PBXFileReference; lastKnownFileType = sourcecode.swift; path = NotificationViewController.swift; sourceTree = "<group>"; };
		CB6C632B2C3172FD00CEE6BF /* ProfileViewController.swift */ = {isa = PBXFileReference; lastKnownFileType = sourcecode.swift; path = ProfileViewController.swift; sourceTree = "<group>"; };
		CB6C632D2C3173E700CEE6BF /* CreateRecipeViewController.swift */ = {isa = PBXFileReference; lastKnownFileType = sourcecode.swift; path = CreateRecipeViewController.swift; sourceTree = "<group>"; };
		CB6C63332C317A2100CEE6BF /* StorageService.swift */ = {isa = PBXFileReference; lastKnownFileType = sourcecode.swift; path = StorageService.swift; sourceTree = "<group>"; };
		CB6C63352C317A3200CEE6BF /* Recipe.swift */ = {isa = PBXFileReference; lastKnownFileType = sourcecode.swift; path = Recipe.swift; sourceTree = "<group>"; };
		CB6C63372C317EB400CEE6BF /* CustomFont.swift */ = {isa = PBXFileReference; lastKnownFileType = sourcecode.swift; path = CustomFont.swift; sourceTree = "<group>"; };
		CB6C633B2C3182FE00CEE6BF /* NetworkService.swift */ = {isa = PBXFileReference; lastKnownFileType = sourcecode.swift; path = NetworkService.swift; sourceTree = "<group>"; };
/* End PBXFileReference section */

/* Begin PBXFrameworksBuildPhase section */
		CB6C63042C315E5E00CEE6BF /* Frameworks */ = {
			isa = PBXFrameworksBuildPhase;
			buildActionMask = 2147483647;
			files = (
				6ED998952C348B84002675A5 /* SnapKit in Frameworks */,
				6ED998982C348B8E002675A5 /* AlamofireImage in Frameworks */,
			);
			runOnlyForDeploymentPostprocessing = 0;
		};
/* End PBXFrameworksBuildPhase section */

/* Begin PBXGroup section */
		0FEF0B1D2C3484D100A5E0F2 /* UI */ = {
			isa = PBXGroup;
			children = (
				0FEF0B272C34870900A5E0F2 /* PlusButton1.swift */,
			);
			path = UI;
			sourceTree = "<group>";
		};
		6E4CBCBC2C3346F1008D19FE /* Base */ = {
			isa = PBXGroup;
			children = (
				6E4CBCBF2C334787008D19FE /* Protocol */,
				6E4CBCC02C3347FD008D19FE /* View */,
				6E4CBCC72C334962008D19FE /* Extension */,
			);
			path = Base;
			sourceTree = "<group>";
		};
		6E4CBCBF2C334787008D19FE /* Protocol */ = {
			isa = PBXGroup;
			children = (
				6E4CBCBD2C33474E008D19FE /* Configurable.swift */,
			);
			path = Protocol;
			sourceTree = "<group>";
		};
		6E4CBCC02C3347FD008D19FE /* View */ = {
			isa = PBXGroup;
			children = (
				6E4CBCC12C33480D008D19FE /* CustomView.swift */,
				6E4CBCC32C334830008D19FE /* CollectionCell.swift */,
				6E4CBCC52C33493E008D19FE /* TableCell.swift */,
				6E4CBCF82C3364A8008D19FE /* ReusableView.swift */,
			);
			path = View;
			sourceTree = "<group>";
		};
		6E4CBCC72C334962008D19FE /* Extension */ = {
			isa = PBXGroup;
			children = (
				6E4CBCC82C3349B5008D19FE /* UIimageVIew + Extension.swift */,
				6E4CBCCA2C334A55008D19FE /* UIView+Extension.swift */,
				6E4CBCCC2C334A86008D19FE /* UIStackView + Extension.swift */,
			);
			path = Extension;
			sourceTree = "<group>";
		};
		6E4CBCCE2C334B3B008D19FE /* HomeModule */ = {
			isa = PBXGroup;
			children = (
				6E4CBCCF2C334B5B008D19FE /* HomeProtocol.swift */,
				6E4CBCFC2C336A3E008D19FE /* HomeViewController.swift */,
				6E4CBD032C33761A008D19FE /* HomePresenterImpl.swift */,
				6ED9989C2C34AFB3002675A5 /* HomeAssembly.swift */,
				6E4CBD002C336E53008D19FE /* View */,
				6E4CBCF52C336318008D19FE /* ViewModel */,
			);
			path = HomeModule;
			sourceTree = "<group>";
		};
		6E4CBCF52C336318008D19FE /* ViewModel */ = {
			isa = PBXGroup;
			children = (
				6E4CBCF62C336332008D19FE /* HomeVIewModel.swift */,
				6E4CBCFA2C3369CF008D19FE /* RecipesCellViewModel.swift */,
			);
			path = ViewModel;
			sourceTree = "<group>";
		};
		6E4CBD002C336E53008D19FE /* View */ = {
			isa = PBXGroup;
			children = (
				6E4CBD012C336E73008D19FE /* BannerRecipesView.swift */,
			);
			path = View;
			sourceTree = "<group>";
		};
		CB6C62FE2C315E5E00CEE6BF = {
			isa = PBXGroup;
			children = (
				CB6C63092C315E5E00CEE6BF /* Best_Recipes */,
				CB6C63082C315E5E00CEE6BF /* Products */,
			);
			sourceTree = "<group>";
		};
		CB6C63082C315E5E00CEE6BF /* Products */ = {
			isa = PBXGroup;
			children = (
				CB6C63072C315E5E00CEE6BF /* Best_Recipes.app */,
			);
			name = Products;
			sourceTree = "<group>";
		};
		CB6C63092C315E5E00CEE6BF /* Best_Recipes */ = {
			isa = PBXGroup;
			children = (
				CB6C632F2C31793D00CEE6BF /* App */,
				CB6C63312C3179CD00CEE6BF /* Model */,
				CB6C63302C3179BF00CEE6BF /* Controller */,
				0FEF0B1D2C3484D100A5E0F2 /* UI */,
				CB6C63322C317A0900CEE6BF /* Service */,
				6E4CBCCE2C334B3B008D19FE /* HomeModule */,
				6E4CBCBC2C3346F1008D19FE /* Base */,
				CB6C631E2C316BB500CEE6BF /* Font */,
				CB6C63132C315E5F00CEE6BF /* Assets.xcassets */,
				CB6C63152C315E5F00CEE6BF /* LaunchScreen.storyboard */,
				CB6C63182C315E5F00CEE6BF /* Info.plist */,
			);
			path = Best_Recipes;
			sourceTree = "<group>";
		};
		CB6C631E2C316BB500CEE6BF /* Font */ = {
			isa = PBXGroup;
			children = (
				CB6C63372C317EB400CEE6BF /* CustomFont.swift */,
				CB6C631F2C316BC700CEE6BF /* Poppins-Regular.ttf */,
				CB6C63202C316BD200CEE6BF /* Poppins-Bold.ttf */,
			);
			path = Font;
			sourceTree = "<group>";
		};
		CB6C632F2C31793D00CEE6BF /* App */ = {
			isa = PBXGroup;
			children = (
				CB6C630A2C315E5E00CEE6BF /* AppDelegate.swift */,
				CB6C630C2C315E5E00CEE6BF /* SceneDelegate.swift */,
			);
			path = App;
			sourceTree = "<group>";
		};
		CB6C63302C3179BF00CEE6BF /* Controller */ = {
			isa = PBXGroup;
			children = (
				CB6C63232C316E9600CEE6BF /* TabBarController.swift */,
				CB6C63252C316F9300CEE6BF /* HomeViewControllers.swift */,
				CB6C63272C31727B00CEE6BF /* BookmarkViewController.swift */,
				CB6C632D2C3173E700CEE6BF /* CreateRecipeViewController.swift */,
				CB6C63292C3172BE00CEE6BF /* NotificationViewController.swift */,
				CB6C632B2C3172FD00CEE6BF /* ProfileViewController.swift */,
				0FEF0B252C3485CE00A5E0F2 /* CustomTabBarController.swift */,
				0FEF0B222C34853700A5E0F2 /* CustomTabBar.swift */,
			);
			path = Controller;
			sourceTree = "<group>";
		};
		CB6C63312C3179CD00CEE6BF /* Model */ = {
			isa = PBXGroup;
			children = (
				CB6C63352C317A3200CEE6BF /* Recipe.swift */,
			);
			path = Model;
			sourceTree = "<group>";
		};
		CB6C63322C317A0900CEE6BF /* Service */ = {
			isa = PBXGroup;
			children = (
				CB6C63332C317A2100CEE6BF /* StorageService.swift */,
				CB6C633B2C3182FE00CEE6BF /* NetworkService.swift */,
			);
			path = Service;
			sourceTree = "<group>";
		};
/* End PBXGroup section */

/* Begin PBXNativeTarget section */
		CB6C63062C315E5E00CEE6BF /* Best_Recipes */ = {
			isa = PBXNativeTarget;
			buildConfigurationList = CB6C631B2C315E5F00CEE6BF /* Build configuration list for PBXNativeTarget "Best_Recipes" */;
			buildPhases = (
				CB6C63032C315E5E00CEE6BF /* Sources */,
				CB6C63042C315E5E00CEE6BF /* Frameworks */,
				CB6C63052C315E5E00CEE6BF /* Resources */,
			);
			buildRules = (
			);
			dependencies = (
			);
			name = Best_Recipes;
			packageProductDependencies = (
				6ED998942C348B84002675A5 /* SnapKit */,
				6ED998972C348B8E002675A5 /* AlamofireImage */,
			);
			productName = Best_Recipes;
			productReference = CB6C63072C315E5E00CEE6BF /* Best_Recipes.app */;
			productType = "com.apple.product-type.application";
		};
/* End PBXNativeTarget section */

/* Begin PBXProject section */
		CB6C62FF2C315E5E00CEE6BF /* Project object */ = {
			isa = PBXProject;
			attributes = {
				BuildIndependentTargetsInParallel = 1;
				LastSwiftUpdateCheck = 1500;
				LastUpgradeCheck = 1500;
				TargetAttributes = {
					CB6C63062C315E5E00CEE6BF = {
						CreatedOnToolsVersion = 15.0;
					};
				};
			};
			buildConfigurationList = CB6C63022C315E5E00CEE6BF /* Build configuration list for PBXProject "Best_Recipes" */;
			compatibilityVersion = "Xcode 14.0";
			developmentRegion = en;
			hasScannedForEncodings = 0;
			knownRegions = (
				en,
				Base,
			);
			mainGroup = CB6C62FE2C315E5E00CEE6BF;
			packageReferences = (
				6ED998932C348B84002675A5 /* XCRemoteSwiftPackageReference "SnapKit" */,
				6ED998962C348B8E002675A5 /* XCRemoteSwiftPackageReference "AlamofireImage" */,
			);
			productRefGroup = CB6C63082C315E5E00CEE6BF /* Products */;
			projectDirPath = "";
			projectRoot = "";
			targets = (
				CB6C63062C315E5E00CEE6BF /* Best_Recipes */,
			);
		};
/* End PBXProject section */

/* Begin PBXResourcesBuildPhase section */
		CB6C63052C315E5E00CEE6BF /* Resources */ = {
			isa = PBXResourcesBuildPhase;
			buildActionMask = 2147483647;
			files = (
				CB6C63172C315E5F00CEE6BF /* LaunchScreen.storyboard in Resources */,
				CB6C63392C317F2A00CEE6BF /* Poppins-Bold.ttf in Resources */,
				CB6C63142C315E5F00CEE6BF /* Assets.xcassets in Resources */,
				CB6C633A2C317F2D00CEE6BF /* Poppins-Regular.ttf in Resources */,
			);
			runOnlyForDeploymentPostprocessing = 0;
		};
/* End PBXResourcesBuildPhase section */

/* Begin PBXSourcesBuildPhase section */
		CB6C63032C315E5E00CEE6BF /* Sources */ = {
			isa = PBXSourcesBuildPhase;
			buildActionMask = 2147483647;
			files = (
				CB6C63262C316F9300CEE6BF /* HomeViewControllers.swift in Sources */,
				CB6C63242C316E9600CEE6BF /* TabBarController.swift in Sources */,
				6E4CBCC62C33493E008D19FE /* TableCell.swift in Sources */,
				CB6C632A2C3172BE00CEE6BF /* NotificationViewController.swift in Sources */,
				6E4CBCD02C334B5B008D19FE /* HomeProtocol.swift in Sources */,
				6E4CBCC22C33480D008D19FE /* CustomView.swift in Sources */,
				CB6C630B2C315E5E00CEE6BF /* AppDelegate.swift in Sources */,
				CB6C63282C31727B00CEE6BF /* BookmarkViewController.swift in Sources */,
				6E4CBCF92C3364A8008D19FE /* ReusableView.swift in Sources */,
				6ED9989D2C34AFB3002675A5 /* HomeAssembly.swift in Sources */,
				6E4CBCC42C334830008D19FE /* CollectionCell.swift in Sources */,
				CB6C632C2C3172FD00CEE6BF /* ProfileViewController.swift in Sources */,
				6E4CBD042C33761A008D19FE /* HomePresenterImpl.swift in Sources */,
				6E4CBD022C336E73008D19FE /* BannerRecipesView.swift in Sources */,
				6E4CBCF72C336332008D19FE /* HomeVIewModel.swift in Sources */,
				6E4CBCCD2C334A86008D19FE /* UIStackView + Extension.swift in Sources */,
				CB6C63382C317EB400CEE6BF /* CustomFont.swift in Sources */,
				CB6C630D2C315E5E00CEE6BF /* SceneDelegate.swift in Sources */,
				6E4CBCBE2C33474E008D19FE /* Configurable.swift in Sources */,
				6E4CBCCB2C334A55008D19FE /* UIView+Extension.swift in Sources */,
				CB6C63342C317A2100CEE6BF /* StorageService.swift in Sources */,
				6E4CBCFD2C336A3E008D19FE /* HomeViewController.swift in Sources */,
				0FEF0B232C34853700A5E0F2 /* CustomTabBar.swift in Sources */,
				0FEF0B262C3485CE00A5E0F2 /* CustomTabBarController.swift in Sources */,
				CB6C632E2C3173E700CEE6BF /* CreateRecipeViewController.swift in Sources */,
				6E4CBCFB2C3369CF008D19FE /* RecipesCellViewModel.swift in Sources */,
				CB6C633C2C3182FE00CEE6BF /* NetworkService.swift in Sources */,
				0FEF0B282C34870900A5E0F2 /* PlusButton1.swift in Sources */,
				6E4CBCC92C3349B5008D19FE /* UIimageVIew + Extension.swift in Sources */,
				CB6C63362C317A3200CEE6BF /* Recipe.swift in Sources */,
			);
			runOnlyForDeploymentPostprocessing = 0;
		};
/* End PBXSourcesBuildPhase section */

/* Begin PBXVariantGroup section */
		CB6C63152C315E5F00CEE6BF /* LaunchScreen.storyboard */ = {
			isa = PBXVariantGroup;
			children = (
				CB6C63162C315E5F00CEE6BF /* Base */,
			);
			name = LaunchScreen.storyboard;
			sourceTree = "<group>";
		};
/* End PBXVariantGroup section */

/* Begin XCBuildConfiguration section */
		CB6C63192C315E5F00CEE6BF /* Debug */ = {
			isa = XCBuildConfiguration;
			buildSettings = {
				ALWAYS_SEARCH_USER_PATHS = NO;
				ASSETCATALOG_COMPILER_GENERATE_SWIFT_ASSET_SYMBOL_EXTENSIONS = YES;
				CLANG_ANALYZER_NONNULL = YES;
				CLANG_ANALYZER_NUMBER_OBJECT_CONVERSION = YES_AGGRESSIVE;
				CLANG_CXX_LANGUAGE_STANDARD = "gnu++20";
				CLANG_ENABLE_MODULES = YES;
				CLANG_ENABLE_OBJC_ARC = YES;
				CLANG_ENABLE_OBJC_WEAK = YES;
				CLANG_WARN_BLOCK_CAPTURE_AUTORELEASING = YES;
				CLANG_WARN_BOOL_CONVERSION = YES;
				CLANG_WARN_COMMA = YES;
				CLANG_WARN_CONSTANT_CONVERSION = YES;
				CLANG_WARN_DEPRECATED_OBJC_IMPLEMENTATIONS = YES;
				CLANG_WARN_DIRECT_OBJC_ISA_USAGE = YES_ERROR;
				CLANG_WARN_DOCUMENTATION_COMMENTS = YES;
				CLANG_WARN_EMPTY_BODY = YES;
				CLANG_WARN_ENUM_CONVERSION = YES;
				CLANG_WARN_INFINITE_RECURSION = YES;
				CLANG_WARN_INT_CONVERSION = YES;
				CLANG_WARN_NON_LITERAL_NULL_CONVERSION = YES;
				CLANG_WARN_OBJC_IMPLICIT_RETAIN_SELF = YES;
				CLANG_WARN_OBJC_LITERAL_CONVERSION = YES;
				CLANG_WARN_OBJC_ROOT_CLASS = YES_ERROR;
				CLANG_WARN_QUOTED_INCLUDE_IN_FRAMEWORK_HEADER = YES;
				CLANG_WARN_RANGE_LOOP_ANALYSIS = YES;
				CLANG_WARN_STRICT_PROTOTYPES = YES;
				CLANG_WARN_SUSPICIOUS_MOVE = YES;
				CLANG_WARN_UNGUARDED_AVAILABILITY = YES_AGGRESSIVE;
				CLANG_WARN_UNREACHABLE_CODE = YES;
				CLANG_WARN__DUPLICATE_METHOD_MATCH = YES;
				COPY_PHASE_STRIP = NO;
				DEBUG_INFORMATION_FORMAT = dwarf;
				ENABLE_STRICT_OBJC_MSGSEND = YES;
				ENABLE_TESTABILITY = YES;
				ENABLE_USER_SCRIPT_SANDBOXING = YES;
				GCC_C_LANGUAGE_STANDARD = gnu17;
				GCC_DYNAMIC_NO_PIC = NO;
				GCC_NO_COMMON_BLOCKS = YES;
				GCC_OPTIMIZATION_LEVEL = 0;
				GCC_PREPROCESSOR_DEFINITIONS = (
					"DEBUG=1",
					"$(inherited)",
				);
				GCC_WARN_64_TO_32_BIT_CONVERSION = YES;
				GCC_WARN_ABOUT_RETURN_TYPE = YES_ERROR;
				GCC_WARN_UNDECLARED_SELECTOR = YES;
				GCC_WARN_UNINITIALIZED_AUTOS = YES_AGGRESSIVE;
				GCC_WARN_UNUSED_FUNCTION = YES;
				GCC_WARN_UNUSED_VARIABLE = YES;
				IPHONEOS_DEPLOYMENT_TARGET = 15.0;
				LOCALIZATION_PREFERS_STRING_CATALOGS = YES;
				MTL_ENABLE_DEBUG_INFO = INCLUDE_SOURCE;
				MTL_FAST_MATH = YES;
				ONLY_ACTIVE_ARCH = YES;
				SDKROOT = iphoneos;
				SWIFT_ACTIVE_COMPILATION_CONDITIONS = "DEBUG $(inherited)";
				SWIFT_OPTIMIZATION_LEVEL = "-Onone";
			};
			name = Debug;
		};
		CB6C631A2C315E5F00CEE6BF /* Release */ = {
			isa = XCBuildConfiguration;
			buildSettings = {
				ALWAYS_SEARCH_USER_PATHS = NO;
				ASSETCATALOG_COMPILER_GENERATE_SWIFT_ASSET_SYMBOL_EXTENSIONS = YES;
				CLANG_ANALYZER_NONNULL = YES;
				CLANG_ANALYZER_NUMBER_OBJECT_CONVERSION = YES_AGGRESSIVE;
				CLANG_CXX_LANGUAGE_STANDARD = "gnu++20";
				CLANG_ENABLE_MODULES = YES;
				CLANG_ENABLE_OBJC_ARC = YES;
				CLANG_ENABLE_OBJC_WEAK = YES;
				CLANG_WARN_BLOCK_CAPTURE_AUTORELEASING = YES;
				CLANG_WARN_BOOL_CONVERSION = YES;
				CLANG_WARN_COMMA = YES;
				CLANG_WARN_CONSTANT_CONVERSION = YES;
				CLANG_WARN_DEPRECATED_OBJC_IMPLEMENTATIONS = YES;
				CLANG_WARN_DIRECT_OBJC_ISA_USAGE = YES_ERROR;
				CLANG_WARN_DOCUMENTATION_COMMENTS = YES;
				CLANG_WARN_EMPTY_BODY = YES;
				CLANG_WARN_ENUM_CONVERSION = YES;
				CLANG_WARN_INFINITE_RECURSION = YES;
				CLANG_WARN_INT_CONVERSION = YES;
				CLANG_WARN_NON_LITERAL_NULL_CONVERSION = YES;
				CLANG_WARN_OBJC_IMPLICIT_RETAIN_SELF = YES;
				CLANG_WARN_OBJC_LITERAL_CONVERSION = YES;
				CLANG_WARN_OBJC_ROOT_CLASS = YES_ERROR;
				CLANG_WARN_QUOTED_INCLUDE_IN_FRAMEWORK_HEADER = YES;
				CLANG_WARN_RANGE_LOOP_ANALYSIS = YES;
				CLANG_WARN_STRICT_PROTOTYPES = YES;
				CLANG_WARN_SUSPICIOUS_MOVE = YES;
				CLANG_WARN_UNGUARDED_AVAILABILITY = YES_AGGRESSIVE;
				CLANG_WARN_UNREACHABLE_CODE = YES;
				CLANG_WARN__DUPLICATE_METHOD_MATCH = YES;
				COPY_PHASE_STRIP = NO;
				DEBUG_INFORMATION_FORMAT = "dwarf-with-dsym";
				ENABLE_NS_ASSERTIONS = NO;
				ENABLE_STRICT_OBJC_MSGSEND = YES;
				ENABLE_USER_SCRIPT_SANDBOXING = YES;
				GCC_C_LANGUAGE_STANDARD = gnu17;
				GCC_NO_COMMON_BLOCKS = YES;
				GCC_WARN_64_TO_32_BIT_CONVERSION = YES;
				GCC_WARN_ABOUT_RETURN_TYPE = YES_ERROR;
				GCC_WARN_UNDECLARED_SELECTOR = YES;
				GCC_WARN_UNINITIALIZED_AUTOS = YES_AGGRESSIVE;
				GCC_WARN_UNUSED_FUNCTION = YES;
				GCC_WARN_UNUSED_VARIABLE = YES;
				IPHONEOS_DEPLOYMENT_TARGET = 15.0;
				LOCALIZATION_PREFERS_STRING_CATALOGS = YES;
				MTL_ENABLE_DEBUG_INFO = NO;
				MTL_FAST_MATH = YES;
				SDKROOT = iphoneos;
				SWIFT_COMPILATION_MODE = wholemodule;
				VALIDATE_PRODUCT = YES;
			};
			name = Release;
		};
		CB6C631C2C315E5F00CEE6BF /* Debug */ = {
			isa = XCBuildConfiguration;
			buildSettings = {
				ASSETCATALOG_COMPILER_APPICON_NAME = AppIcon;
				ASSETCATALOG_COMPILER_GLOBAL_ACCENT_COLOR_NAME = AccentColor;
				CODE_SIGN_STYLE = Automatic;
				CURRENT_PROJECT_VERSION = 1;
				DEVELOPMENT_TEAM = "";
				GENERATE_INFOPLIST_FILE = YES;
				INFOPLIST_FILE = Best_Recipes/Info.plist;
				INFOPLIST_KEY_UIApplicationSupportsIndirectInputEvents = YES;
				INFOPLIST_KEY_UILaunchStoryboardName = LaunchScreen;
				INFOPLIST_KEY_UIStatusBarStyle = UIStatusBarStyleLightContent;
				INFOPLIST_KEY_UISupportedInterfaceOrientations = UIInterfaceOrientationPortrait;
				INFOPLIST_KEY_UISupportedInterfaceOrientations_iPad = "UIInterfaceOrientationLandscapeLeft UIInterfaceOrientationLandscapeRight UIInterfaceOrientationPortrait UIInterfaceOrientationPortraitUpsideDown";
				LD_RUNPATH_SEARCH_PATHS = (
					"$(inherited)",
					"@executable_path/Frameworks",
				);
				MARKETING_VERSION = 1.0;
				PRODUCT_BUNDLE_IDENTIFIER = "com.MariaNesterova.Best-Recipes";
				PRODUCT_NAME = "$(TARGET_NAME)";
				SUPPORTED_PLATFORMS = "iphoneos iphonesimulator";
				SUPPORTS_MACCATALYST = NO;
				SUPPORTS_MAC_DESIGNED_FOR_IPHONE_IPAD = NO;
				SWIFT_EMIT_LOC_STRINGS = YES;
				SWIFT_VERSION = 5.0;
				TARGETED_DEVICE_FAMILY = 1;
			};
			name = Debug;
		};
		CB6C631D2C315E5F00CEE6BF /* Release */ = {
			isa = XCBuildConfiguration;
			buildSettings = {
				ASSETCATALOG_COMPILER_APPICON_NAME = AppIcon;
				ASSETCATALOG_COMPILER_GLOBAL_ACCENT_COLOR_NAME = AccentColor;
				CODE_SIGN_STYLE = Automatic;
				CURRENT_PROJECT_VERSION = 1;
				DEVELOPMENT_TEAM = "";
				GENERATE_INFOPLIST_FILE = YES;
				INFOPLIST_FILE = Best_Recipes/Info.plist;
				INFOPLIST_KEY_UIApplicationSupportsIndirectInputEvents = YES;
				INFOPLIST_KEY_UILaunchStoryboardName = LaunchScreen;
				INFOPLIST_KEY_UIStatusBarStyle = UIStatusBarStyleLightContent;
				INFOPLIST_KEY_UISupportedInterfaceOrientations = UIInterfaceOrientationPortrait;
				INFOPLIST_KEY_UISupportedInterfaceOrientations_iPad = "UIInterfaceOrientationLandscapeLeft UIInterfaceOrientationLandscapeRight UIInterfaceOrientationPortrait UIInterfaceOrientationPortraitUpsideDown";
				LD_RUNPATH_SEARCH_PATHS = (
					"$(inherited)",
					"@executable_path/Frameworks",
				);
				MARKETING_VERSION = 1.0;
				PRODUCT_BUNDLE_IDENTIFIER = "com.MariaNesterova.Best-Recipes";
				PRODUCT_NAME = "$(TARGET_NAME)";
				SUPPORTED_PLATFORMS = "iphoneos iphonesimulator";
				SUPPORTS_MACCATALYST = NO;
				SUPPORTS_MAC_DESIGNED_FOR_IPHONE_IPAD = NO;
				SWIFT_EMIT_LOC_STRINGS = YES;
				SWIFT_VERSION = 5.0;
				TARGETED_DEVICE_FAMILY = 1;
			};
			name = Release;
		};
/* End XCBuildConfiguration section */

/* Begin XCConfigurationList section */
		CB6C63022C315E5E00CEE6BF /* Build configuration list for PBXProject "Best_Recipes" */ = {
			isa = XCConfigurationList;
			buildConfigurations = (
				CB6C63192C315E5F00CEE6BF /* Debug */,
				CB6C631A2C315E5F00CEE6BF /* Release */,
			);
			defaultConfigurationIsVisible = 0;
			defaultConfigurationName = Release;
		};
		CB6C631B2C315E5F00CEE6BF /* Build configuration list for PBXNativeTarget "Best_Recipes" */ = {
			isa = XCConfigurationList;
			buildConfigurations = (
				CB6C631C2C315E5F00CEE6BF /* Debug */,
				CB6C631D2C315E5F00CEE6BF /* Release */,
			);
			defaultConfigurationIsVisible = 0;
			defaultConfigurationName = Release;
		};
/* End XCConfigurationList section */

/* Begin XCRemoteSwiftPackageReference section */
		6ED998932C348B84002675A5 /* XCRemoteSwiftPackageReference "SnapKit" */ = {
			isa = XCRemoteSwiftPackageReference;
			repositoryURL = "https://github.com/SnapKit/SnapKit.git";
			requirement = {
				kind = upToNextMajorVersion;
				minimumVersion = 5.7.1;
			};
		};
		6ED998962C348B8E002675A5 /* XCRemoteSwiftPackageReference "AlamofireImage" */ = {
			isa = XCRemoteSwiftPackageReference;
			repositoryURL = "https://github.com/Alamofire/AlamofireImage";
			requirement = {
				kind = upToNextMajorVersion;
				minimumVersion = 4.3.0;
			};
		};
/* End XCRemoteSwiftPackageReference section */

/* Begin XCSwiftPackageProductDependency section */
		6ED998942C348B84002675A5 /* SnapKit */ = {
			isa = XCSwiftPackageProductDependency;
			package = 6ED998932C348B84002675A5 /* XCRemoteSwiftPackageReference "SnapKit" */;
			productName = SnapKit;
		};
		6ED998972C348B8E002675A5 /* AlamofireImage */ = {
			isa = XCSwiftPackageProductDependency;
			package = 6ED998962C348B8E002675A5 /* XCRemoteSwiftPackageReference "AlamofireImage" */;
			productName = AlamofireImage;
		};
/* End XCSwiftPackageProductDependency section */
	};
	rootObject = CB6C62FF2C315E5E00CEE6BF /* Project object */;
}
